// !$*UTF8*$!
{
	archiveVersion = 1;
	classes = {
	};
	objectVersion = 77;
	objects = {

/* Begin PBXBuildFile section */
		FE538B9B2D8CC07300F1A473 /* SnapKit in Frameworks */ = {isa = PBXBuildFile; productRef = FE538B9A2D8CC07300F1A473 /* SnapKit */; };
/* End PBXBuildFile section */

/* Begin PBXContainerItemProxy section */
		FE538B782D8CBF2300F1A473 /* PBXContainerItemProxy */ = {
			isa = PBXContainerItemProxy;
			containerPortal = FE538B592D8CBF2200F1A473 /* Project object */;
			proxyType = 1;
			remoteGlobalIDString = FE538B602D8CBF2200F1A473;
			remoteInfo = "pokedex-pci";
		};
		FE538B822D8CBF2300F1A473 /* PBXContainerItemProxy */ = {
			isa = PBXContainerItemProxy;
			containerPortal = FE538B592D8CBF2200F1A473 /* Project object */;
			proxyType = 1;
			remoteGlobalIDString = FE538B602D8CBF2200F1A473;
			remoteInfo = "pokedex-pci";
		};
/* End PBXContainerItemProxy section */

/* Begin PBXFileReference section */
		FE538B612D8CBF2200F1A473 /* pokedex-pci.app */ = {isa = PBXFileReference; explicitFileType = wrapper.application; includeInIndex = 0; path = "pokedex-pci.app"; sourceTree = BUILT_PRODUCTS_DIR; };
		FE538B772D8CBF2300F1A473 /* pokedex-pciTests.xctest */ = {isa = PBXFileReference; explicitFileType = wrapper.cfbundle; includeInIndex = 0; path = "pokedex-pciTests.xctest"; sourceTree = BUILT_PRODUCTS_DIR; };
		FE538B812D8CBF2300F1A473 /* pokedex-pciUITests.xctest */ = {isa = PBXFileReference; explicitFileType = wrapper.cfbundle; includeInIndex = 0; path = "pokedex-pciUITests.xctest"; sourceTree = BUILT_PRODUCTS_DIR; };
/* End PBXFileReference section */

/* Begin PBXFileSystemSynchronizedBuildFileExceptionSet section */
		FE538B892D8CBF2300F1A473 /* Exceptions for "pokedex-pci" folder in "pokedex-pci" target */ = {
			isa = PBXFileSystemSynchronizedBuildFileExceptionSet;
			membershipExceptions = (
				Info.plist,
			);
			target = FE538B602D8CBF2200F1A473 /* pokedex-pci */;
		};
/* End PBXFileSystemSynchronizedBuildFileExceptionSet section */

/* Begin PBXFileSystemSynchronizedRootGroup section */
		FE538B632D8CBF2200F1A473 /* pokedex-pci */ = {
			isa = PBXFileSystemSynchronizedRootGroup;
			exceptions = (
				FE538B892D8CBF2300F1A473 /* Exceptions for "pokedex-pci" folder in "pokedex-pci" target */,
			);
			path = "pokedex-pci";
			sourceTree = "<group>";
		};
		FE538B7A2D8CBF2300F1A473 /* pokedex-pciTests */ = {
			isa = PBXFileSystemSynchronizedRootGroup;
			path = "pokedex-pciTests";
			sourceTree = "<group>";
		};
		FE538B842D8CBF2300F1A473 /* pokedex-pciUITests */ = {
			isa = PBXFileSystemSynchronizedRootGroup;
			path = "pokedex-pciUITests";
			sourceTree = "<group>";
		};
/* End PBXFileSystemSynchronizedRootGroup section */

/* Begin PBXFrameworksBuildPhase section */
		FE538B5E2D8CBF2200F1A473 /* Frameworks */ = {
			isa = PBXFrameworksBuildPhase;
			buildActionMask = 2147483647;
			files = (
				FE538B9B2D8CC07300F1A473 /* SnapKit in Frameworks */,
			);
			runOnlyForDeploymentPostprocessing = 0;
		};
		FE538B742D8CBF2300F1A473 /* Frameworks */ = {
			isa = PBXFrameworksBuildPhase;
			buildActionMask = 2147483647;
			files = (
			);
			runOnlyForDeploymentPostprocessing = 0;
		};
		FE538B7E2D8CBF2300F1A473 /* Frameworks */ = {
			isa = PBXFrameworksBuildPhase;
			buildActionMask = 2147483647;
			files = (
			);
			runOnlyForDeploymentPostprocessing = 0;
		};
/* End PBXFrameworksBuildPhase section */

/* Begin PBXGroup section */
		FE538B582D8CBF2200F1A473 = {
			isa = PBXGroup;
			children = (
				FE538B632D8CBF2200F1A473 /* pokedex-pci */,
				FE538B7A2D8CBF2300F1A473 /* pokedex-pciTests */,
				FE538B842D8CBF2300F1A473 /* pokedex-pciUITests */,
				FE538B622D8CBF2200F1A473 /* Products */,
			);
			sourceTree = "<group>";
		};
		FE538B622D8CBF2200F1A473 /* Products */ = {
			isa = PBXGroup;
			children = (
				FE538B612D8CBF2200F1A473 /* pokedex-pci.app */,
				FE538B772D8CBF2300F1A473 /* pokedex-pciTests.xctest */,
				FE538B812D8CBF2300F1A473 /* pokedex-pciUITests.xctest */,
			);
			name = Products;
			sourceTree = "<group>";
		};
/* End PBXGroup section */

/* Begin PBXNativeTarget section */
		FE538B602D8CBF2200F1A473 /* pokedex-pci */ = {
			isa = PBXNativeTarget;
			buildConfigurationList = FE538B8A2D8CBF2300F1A473 /* Build configuration list for PBXNativeTarget "pokedex-pci" */;
			buildPhases = (
				FE538B5D2D8CBF2200F1A473 /* Sources */,
				FE538B5E2D8CBF2200F1A473 /* Frameworks */,
				FE538B5F2D8CBF2200F1A473 /* Resources */,
			);
			buildRules = (
			);
			dependencies = (
			);
			fileSystemSynchronizedGroups = (
				FE538B632D8CBF2200F1A473 /* pokedex-pci */,
			);
			name = "pokedex-pci";
			packageProductDependencies = (
				FE538B9A2D8CC07300F1A473 /* SnapKit */,
			);
			productName = "pokedex-pci";
			productReference = FE538B612D8CBF2200F1A473 /* pokedex-pci.app */;
			productType = "com.apple.product-type.application";
		};
		FE538B762D8CBF2300F1A473 /* pokedex-pciTests */ = {
			isa = PBXNativeTarget;
			buildConfigurationList = FE538B8F2D8CBF2300F1A473 /* Build configuration list for PBXNativeTarget "pokedex-pciTests" */;
			buildPhases = (
				FE538B732D8CBF2300F1A473 /* Sources */,
				FE538B742D8CBF2300F1A473 /* Frameworks */,
				FE538B752D8CBF2300F1A473 /* Resources */,
			);
			buildRules = (
			);
			dependencies = (
				FE538B792D8CBF2300F1A473 /* PBXTargetDependency */,
			);
			fileSystemSynchronizedGroups = (
				FE538B7A2D8CBF2300F1A473 /* pokedex-pciTests */,
			);
			name = "pokedex-pciTests";
			packageProductDependencies = (
			);
			productName = "pokedex-pciTests";
			productReference = FE538B772D8CBF2300F1A473 /* pokedex-pciTests.xctest */;
			productType = "com.apple.product-type.bundle.unit-test";
		};
		FE538B802D8CBF2300F1A473 /* pokedex-pciUITests */ = {
			isa = PBXNativeTarget;
			buildConfigurationList = FE538B922D8CBF2300F1A473 /* Build configuration list for PBXNativeTarget "pokedex-pciUITests" */;
			buildPhases = (
				FE538B7D2D8CBF2300F1A473 /* Sources */,
				FE538B7E2D8CBF2300F1A473 /* Frameworks */,
				FE538B7F2D8CBF2300F1A473 /* Resources */,
			);
			buildRules = (
			);
			dependencies = (
				FE538B832D8CBF2300F1A473 /* PBXTargetDependency */,
			);
			fileSystemSynchronizedGroups = (
				FE538B842D8CBF2300F1A473 /* pokedex-pciUITests */,
			);
			name = "pokedex-pciUITests";
			packageProductDependencies = (
			);
			productName = "pokedex-pciUITests";
			productReference = FE538B812D8CBF2300F1A473 /* pokedex-pciUITests.xctest */;
			productType = "com.apple.product-type.bundle.ui-testing";
		};
/* End PBXNativeTarget section */

/* Begin PBXProject section */
		FE538B592D8CBF2200F1A473 /* Project object */ = {
			isa = PBXProject;
			attributes = {
				BuildIndependentTargetsInParallel = 1;
				LastSwiftUpdateCheck = 1620;
				LastUpgradeCheck = 1620;
				TargetAttributes = {
					FE538B602D8CBF2200F1A473 = {
						CreatedOnToolsVersion = 16.2;
					};
					FE538B762D8CBF2300F1A473 = {
						CreatedOnToolsVersion = 16.2;
						TestTargetID = FE538B602D8CBF2200F1A473;
					};
					FE538B802D8CBF2300F1A473 = {
						CreatedOnToolsVersion = 16.2;
						TestTargetID = FE538B602D8CBF2200F1A473;
					};
				};
			};
			buildConfigurationList = FE538B5C2D8CBF2200F1A473 /* Build configuration list for PBXProject "pokedex-pci" */;
			developmentRegion = en;
			hasScannedForEncodings = 0;
			knownRegions = (
				en,
				Base,
			);
			mainGroup = FE538B582D8CBF2200F1A473;
			minimizedProjectReferenceProxies = 1;
			packageReferences = (
				FE538B992D8CC07300F1A473 /* XCRemoteSwiftPackageReference "SnapKit" */,
			);
			preferredProjectObjectVersion = 77;
			productRefGroup = FE538B622D8CBF2200F1A473 /* Products */;
			projectDirPath = "";
			projectRoot = "";
			targets = (
				FE538B602D8CBF2200F1A473 /* pokedex-pci */,
				FE538B762D8CBF2300F1A473 /* pokedex-pciTests */,
				FE538B802D8CBF2300F1A473 /* pokedex-pciUITests */,
			);
		};
/* End PBXProject section */

/* Begin PBXResourcesBuildPhase section */
		FE538B5F2D8CBF2200F1A473 /* Resources */ = {
			isa = PBXResourcesBuildPhase;
			buildActionMask = 2147483647;
			files = (
			);
			runOnlyForDeploymentPostprocessing = 0;
		};
		FE538B752D8CBF2300F1A473 /* Resources */ = {
			isa = PBXResourcesBuildPhase;
			buildActionMask = 2147483647;
			files = (
			);
			runOnlyForDeploymentPostprocessing = 0;
		};
		FE538B7F2D8CBF2300F1A473 /* Resources */ = {
			isa = PBXResourcesBuildPhase;
			buildActionMask = 2147483647;
			files = (
			);
			runOnlyForDeploymentPostprocessing = 0;
		};
/* End PBXResourcesBuildPhase section */

/* Begin PBXSourcesBuildPhase section */
		FE538B5D2D8CBF2200F1A473 /* Sources */ = {
			isa = PBXSourcesBuildPhase;
			buildActionMask = 2147483647;
			files = (
			);
			runOnlyForDeploymentPostprocessing = 0;
		};
		FE538B732D8CBF2300F1A473 /* Sources */ = {
			isa = PBXSourcesBuildPhase;
			buildActionMask = 2147483647;
			files = (
			);
			runOnlyForDeploymentPostprocessing = 0;
		};
		FE538B7D2D8CBF2300F1A473 /* Sources */ = {
			isa = PBXSourcesBuildPhase;
			buildActionMask = 2147483647;
			files = (
			);
			runOnlyForDeploymentPostprocessing = 0;
		};
/* End PBXSourcesBuildPhase section */

/* Begin PBXTargetDependency section */
		FE538B792D8CBF2300F1A473 /* PBXTargetDependency */ = {
			isa = PBXTargetDependency;
			target = FE538B602D8CBF2200F1A473 /* pokedex-pci */;
			targetProxy = FE538B782D8CBF2300F1A473 /* PBXContainerItemProxy */;
		};
		FE538B832D8CBF2300F1A473 /* PBXTargetDependency */ = {
			isa = PBXTargetDependency;
			target = FE538B602D8CBF2200F1A473 /* pokedex-pci */;
			targetProxy = FE538B822D8CBF2300F1A473 /* PBXContainerItemProxy */;
		};
/* End PBXTargetDependency section */

/* Begin XCBuildConfiguration section */
		FE538B8B2D8CBF2300F1A473 /* Debug */ = {
			isa = XCBuildConfiguration;
			buildSettings = {
				ASSETCATALOG_COMPILER_APPICON_NAME = AppIcon;
				ASSETCATALOG_COMPILER_GLOBAL_ACCENT_COLOR_NAME = AccentColor;
				CODE_SIGN_STYLE = Automatic;
				CURRENT_PROJECT_VERSION = 1;
				DEVELOPMENT_TEAM = NT7J23RCPK;
				GENERATE_INFOPLIST_FILE = YES;
				INFOPLIST_FILE = "pokedex-pci/Info.plist";
				INFOPLIST_KEY_UIApplicationSupportsIndirectInputEvents = YES;
				INFOPLIST_KEY_UILaunchStoryboardName = LaunchScreen;
				INFOPLIST_KEY_UISupportedInterfaceOrientations_iPad = "UIInterfaceOrientationPortrait UIInterfaceOrientationPortraitUpsideDown UIInterfaceOrientationLandscapeLeft UIInterfaceOrientationLandscapeRight";
				INFOPLIST_KEY_UISupportedInterfaceOrientations_iPhone = "UIInterfaceOrientationPortrait UIInterfaceOrientationLandscapeLeft UIInterfaceOrientationLandscapeRight";
				LD_RUNPATH_SEARCH_PATHS = (
					"$(inherited)",
					"@executable_path/Frameworks",
				);
				MARKETING_VERSION = 1.0;
				PRODUCT_BUNDLE_IDENTIFIER = "vercel.app.manuelignacioalvarez.pokedex-pci";
				PRODUCT_NAME = "$(TARGET_NAME)";
				SWIFT_EMIT_LOC_STRINGS = YES;
				SWIFT_VERSION = 5.0;
				TARGETED_DEVICE_FAMILY = "1,2";
			};
			name = Debug;
		};
		FE538B8C2D8CBF2300F1A473 /* Release */ = {
			isa = XCBuildConfiguration;
			buildSettings = {
				ASSETCATALOG_COMPILER_APPICON_NAME = AppIcon;
				ASSETCATALOG_COMPILER_GLOBAL_ACCENT_COLOR_NAME = AccentColor;
				CODE_SIGN_STYLE = Automatic;
				CURRENT_PROJECT_VERSION = 1;
				DEVELOPMENT_TEAM = NT7J23RCPK;
				GENERATE_INFOPLIST_FILE = YES;
				INFOPLIST_FILE = "pokedex-pci/Info.plist";
				INFOPLIST_KEY_UIApplicationSupportsIndirectInputEvents = YES;
				INFOPLIST_KEY_UILaunchStoryboardName = LaunchScreen;
				INFOPLIST_KEY_UISupportedInterfaceOrientations_iPad = "UIInterfaceOrientationPortrait UIInterfaceOrientationPortraitUpsideDown UIInterfaceOrientationLandscapeLeft UIInterfaceOrientationLandscapeRight";
				INFOPLIST_KEY_UISupportedInterfaceOrientations_iPhone = "UIInterfaceOrientationPortrait UIInterfaceOrientationLandscapeLeft UIInterfaceOrientationLandscapeRight";
				LD_RUNPATH_SEARCH_PATHS = (
					"$(inherited)",
					"@executable_path/Frameworks",
				);
				MARKETING_VERSION = 1.0;
				PRODUCT_BUNDLE_IDENTIFIER = "vercel.app.manuelignacioalvarez.pokedex-pci";
				PRODUCT_NAME = "$(TARGET_NAME)";
				SWIFT_EMIT_LOC_STRINGS = YES;
				SWIFT_VERSION = 5.0;
				TARGETED_DEVICE_FAMILY = "1,2";
			};
			name = Release;
		};
		FE538B8D2D8CBF2300F1A473 /* Debug */ = {
			isa = XCBuildConfiguration;
			buildSettings = {
				ALWAYS_SEARCH_USER_PATHS = NO;
				ASSETCATALOG_COMPILER_GENERATE_SWIFT_ASSET_SYMBOL_EXTENSIONS = YES;
				CLANG_ANALYZER_NONNULL = YES;
				CLANG_ANALYZER_NUMBER_OBJECT_CONVERSION = YES_AGGRESSIVE;
				CLANG_CXX_LANGUAGE_STANDARD = "gnu++20";
				CLANG_ENABLE_MODULES = YES;
				CLANG_ENABLE_OBJC_ARC = YES;
				CLANG_ENABLE_OBJC_WEAK = YES;
				CLANG_WARN_BLOCK_CAPTURE_AUTORELEASING = YES;
				CLANG_WARN_BOOL_CONVERSION = YES;
				CLANG_WARN_COMMA = YES;
				CLANG_WARN_CONSTANT_CONVERSION = YES;
				CLANG_WARN_DEPRECATED_OBJC_IMPLEMENTATIONS = YES;
				CLANG_WARN_DIRECT_OBJC_ISA_USAGE = YES_ERROR;
				CLANG_WARN_DOCUMENTATION_COMMENTS = YES;
				CLANG_WARN_EMPTY_BODY = YES;
				CLANG_WARN_ENUM_CONVERSION = YES;
				CLANG_WARN_INFINITE_RECURSION = YES;
				CLANG_WARN_INT_CONVERSION = YES;
				CLANG_WARN_NON_LITERAL_NULL_CONVERSION = YES;
				CLANG_WARN_OBJC_IMPLICIT_RETAIN_SELF = YES;
				CLANG_WARN_OBJC_LITERAL_CONVERSION = YES;
				CLANG_WARN_OBJC_ROOT_CLASS = YES_ERROR;
				CLANG_WARN_QUOTED_INCLUDE_IN_FRAMEWORK_HEADER = YES;
				CLANG_WARN_RANGE_LOOP_ANALYSIS = YES;
				CLANG_WARN_STRICT_PROTOTYPES = YES;
				CLANG_WARN_SUSPICIOUS_MOVE = YES;
				CLANG_WARN_UNGUARDED_AVAILABILITY = YES_AGGRESSIVE;
				CLANG_WARN_UNREACHABLE_CODE = YES;
				CLANG_WARN__DUPLICATE_METHOD_MATCH = YES;
				COPY_PHASE_STRIP = NO;
				DEBUG_INFORMATION_FORMAT = dwarf;
				ENABLE_STRICT_OBJC_MSGSEND = YES;
				ENABLE_TESTABILITY = YES;
				ENABLE_USER_SCRIPT_SANDBOXING = YES;
				GCC_C_LANGUAGE_STANDARD = gnu17;
				GCC_DYNAMIC_NO_PIC = NO;
				GCC_NO_COMMON_BLOCKS = YES;
				GCC_OPTIMIZATION_LEVEL = 0;
				GCC_PREPROCESSOR_DEFINITIONS = (
					"DEBUG=1",
					"$(inherited)",
				);
				GCC_WARN_64_TO_32_BIT_CONVERSION = YES;
				GCC_WARN_ABOUT_RETURN_TYPE = YES_ERROR;
				GCC_WARN_UNDECLARED_SELECTOR = YES;
				GCC_WARN_UNINITIALIZED_AUTOS = YES_AGGRESSIVE;
				GCC_WARN_UNUSED_FUNCTION = YES;
				GCC_WARN_UNUSED_VARIABLE = YES;
				IPHONEOS_DEPLOYMENT_TARGET = 18.2;
				LOCALIZATION_PREFERS_STRING_CATALOGS = YES;
				MTL_ENABLE_DEBUG_INFO = INCLUDE_SOURCE;
				MTL_FAST_MATH = YES;
				ONLY_ACTIVE_ARCH = YES;
				SDKROOT = iphoneos;
				SWIFT_ACTIVE_COMPILATION_CONDITIONS = "DEBUG $(inherited)";
				SWIFT_OPTIMIZATION_LEVEL = "-Onone";
			};
			name = Debug;
		};
		FE538B8E2D8CBF2300F1A473 /* Release */ = {
			isa = XCBuildConfiguration;
			buildSettings = {
				ALWAYS_SEARCH_USER_PATHS = NO;
				ASSETCATALOG_COMPILER_GENERATE_SWIFT_ASSET_SYMBOL_EXTENSIONS = YES;
				CLANG_ANALYZER_NONNULL = YES;
				CLANG_ANALYZER_NUMBER_OBJECT_CONVERSION = YES_AGGRESSIVE;
				CLANG_CXX_LANGUAGE_STANDARD = "gnu++20";
				CLANG_ENABLE_MODULES = YES;
				CLANG_ENABLE_OBJC_ARC = YES;
				CLANG_ENABLE_OBJC_WEAK = YES;
				CLANG_WARN_BLOCK_CAPTURE_AUTORELEASING = YES;
				CLANG_WARN_BOOL_CONVERSION = YES;
				CLANG_WARN_COMMA = YES;
				CLANG_WARN_CONSTANT_CONVERSION = YES;
				CLANG_WARN_DEPRECATED_OBJC_IMPLEMENTATIONS = YES;
				CLANG_WARN_DIRECT_OBJC_ISA_USAGE = YES_ERROR;
				CLANG_WARN_DOCUMENTATION_COMMENTS = YES;
				CLANG_WARN_EMPTY_BODY = YES;
				CLANG_WARN_ENUM_CONVERSION = YES;
				CLANG_WARN_INFINITE_RECURSION = YES;
				CLANG_WARN_INT_CONVERSION = YES;
				CLANG_WARN_NON_LITERAL_NULL_CONVERSION = YES;
				CLANG_WARN_OBJC_IMPLICIT_RETAIN_SELF = YES;
				CLANG_WARN_OBJC_LITERAL_CONVERSION = YES;
				CLANG_WARN_OBJC_ROOT_CLASS = YES_ERROR;
				CLANG_WARN_QUOTED_INCLUDE_IN_FRAMEWORK_HEADER = YES;
				CLANG_WARN_RANGE_LOOP_ANALYSIS = YES;
				CLANG_WARN_STRICT_PROTOTYPES = YES;
				CLANG_WARN_SUSPICIOUS_MOVE = YES;
				CLANG_WARN_UNGUARDED_AVAILABILITY = YES_AGGRESSIVE;
				CLANG_WARN_UNREACHABLE_CODE = YES;
				CLANG_WARN__DUPLICATE_METHOD_MATCH = YES;
				COPY_PHASE_STRIP = NO;
				DEBUG_INFORMATION_FORMAT = "dwarf-with-dsym";
				ENABLE_NS_ASSERTIONS = NO;
				ENABLE_STRICT_OBJC_MSGSEND = YES;
				ENABLE_USER_SCRIPT_SANDBOXING = YES;
				GCC_C_LANGUAGE_STANDARD = gnu17;
				GCC_NO_COMMON_BLOCKS = YES;
				GCC_WARN_64_TO_32_BIT_CONVERSION = YES;
				GCC_WARN_ABOUT_RETURN_TYPE = YES_ERROR;
				GCC_WARN_UNDECLARED_SELECTOR = YES;
				GCC_WARN_UNINITIALIZED_AUTOS = YES_AGGRESSIVE;
				GCC_WARN_UNUSED_FUNCTION = YES;
				GCC_WARN_UNUSED_VARIABLE = YES;
				IPHONEOS_DEPLOYMENT_TARGET = 18.2;
				LOCALIZATION_PREFERS_STRING_CATALOGS = YES;
				MTL_ENABLE_DEBUG_INFO = NO;
				MTL_FAST_MATH = YES;
				SDKROOT = iphoneos;
				SWIFT_COMPILATION_MODE = wholemodule;
				VALIDATE_PRODUCT = YES;
			};
			name = Release;
		};
		FE538B902D8CBF2300F1A473 /* Debug */ = {
			isa = XCBuildConfiguration;
			buildSettings = {
				BUNDLE_LOADER = "$(TEST_HOST)";
				CODE_SIGN_STYLE = Automatic;
				CURRENT_PROJECT_VERSION = 1;
				DEVELOPMENT_TEAM = NT7J23RCPK;
				GENERATE_INFOPLIST_FILE = YES;
				IPHONEOS_DEPLOYMENT_TARGET = 18.2;
				MARKETING_VERSION = 1.0;
				PRODUCT_BUNDLE_IDENTIFIER = "vercel.app.manuelignacioalvarez.pokedex-pciTests";
				PRODUCT_NAME = "$(TARGET_NAME)";
				SWIFT_EMIT_LOC_STRINGS = NO;
				SWIFT_VERSION = 5.0;
				TARGETED_DEVICE_FAMILY = "1,2";
				TEST_HOST = "$(BUILT_PRODUCTS_DIR)/pokedex-pci.app/$(BUNDLE_EXECUTABLE_FOLDER_PATH)/pokedex-pci";
			};
			name = Debug;
		};
		FE538B912D8CBF2300F1A473 /* Release */ = {
			isa = XCBuildConfiguration;
			buildSettings = {
				BUNDLE_LOADER = "$(TEST_HOST)";
				CODE_SIGN_STYLE = Automatic;
				CURRENT_PROJECT_VERSION = 1;
				DEVELOPMENT_TEAM = NT7J23RCPK;
				GENERATE_INFOPLIST_FILE = YES;
				IPHONEOS_DEPLOYMENT_TARGET = 18.2;
				MARKETING_VERSION = 1.0;
				PRODUCT_BUNDLE_IDENTIFIER = "vercel.app.manuelignacioalvarez.pokedex-pciTests";
				PRODUCT_NAME = "$(TARGET_NAME)";
				SWIFT_EMIT_LOC_STRINGS = NO;
				SWIFT_VERSION = 5.0;
				TARGETED_DEVICE_FAMILY = "1,2";
				TEST_HOST = "$(BUILT_PRODUCTS_DIR)/pokedex-pci.app/$(BUNDLE_EXECUTABLE_FOLDER_PATH)/pokedex-pci";
			};
			name = Release;
		};
		FE538B932D8CBF2300F1A473 /* Debug */ = {
			isa = XCBuildConfiguration;
			buildSettings = {
				CODE_SIGN_STYLE = Automatic;
				CURRENT_PROJECT_VERSION = 1;
				DEVELOPMENT_TEAM = NT7J23RCPK;
				GENERATE_INFOPLIST_FILE = YES;
				MARKETING_VERSION = 1.0;
				PRODUCT_BUNDLE_IDENTIFIER = "vercel.app.manuelignacioalvarez.pokedex-pciUITests";
				PRODUCT_NAME = "$(TARGET_NAME)";
				SWIFT_EMIT_LOC_STRINGS = NO;
				SWIFT_VERSION = 5.0;
				TARGETED_DEVICE_FAMILY = "1,2";
				TEST_TARGET_NAME = "pokedex-pci";
			};
			name = Debug;
		};
		FE538B942D8CBF2300F1A473 /* Release */ = {
			isa = XCBuildConfiguration;
			buildSettings = {
				CODE_SIGN_STYLE = Automatic;
				CURRENT_PROJECT_VERSION = 1;
				DEVELOPMENT_TEAM = NT7J23RCPK;
				GENERATE_INFOPLIST_FILE = YES;
				MARKETING_VERSION = 1.0;
				PRODUCT_BUNDLE_IDENTIFIER = "vercel.app.manuelignacioalvarez.pokedex-pciUITests";
				PRODUCT_NAME = "$(TARGET_NAME)";
				SWIFT_EMIT_LOC_STRINGS = NO;
				SWIFT_VERSION = 5.0;
				TARGETED_DEVICE_FAMILY = "1,2";
				TEST_TARGET_NAME = "pokedex-pci";
			};
			name = Release;
		};
/* End XCBuildConfiguration section */

/* Begin XCConfigurationList section */
		FE538B5C2D8CBF2200F1A473 /* Build configuration list for PBXProject "pokedex-pci" */ = {
			isa = XCConfigurationList;
			buildConfigurations = (
				FE538B8D2D8CBF2300F1A473 /* Debug */,
				FE538B8E2D8CBF2300F1A473 /* Release */,
			);
			defaultConfigurationIsVisible = 0;
			defaultConfigurationName = Release;
		};
		FE538B8A2D8CBF2300F1A473 /* Build configuration list for PBXNativeTarget "pokedex-pci" */ = {
			isa = XCConfigurationList;
			buildConfigurations = (
				FE538B8B2D8CBF2300F1A473 /* Debug */,
				FE538B8C2D8CBF2300F1A473 /* Release */,
			);
			defaultConfigurationIsVisible = 0;
			defaultConfigurationName = Release;
		};
		FE538B8F2D8CBF2300F1A473 /* Build configuration list for PBXNativeTarget "pokedex-pciTests" */ = {
			isa = XCConfigurationList;
			buildConfigurations = (
				FE538B902D8CBF2300F1A473 /* Debug */,
				FE538B912D8CBF2300F1A473 /* Release */,
			);
			defaultConfigurationIsVisible = 0;
			defaultConfigurationName = Release;
		};
		FE538B922D8CBF2300F1A473 /* Build configuration list for PBXNativeTarget "pokedex-pciUITests" */ = {
			isa = XCConfigurationList;
			buildConfigurations = (
				FE538B932D8CBF2300F1A473 /* Debug */,
				FE538B942D8CBF2300F1A473 /* Release */,
			);
			defaultConfigurationIsVisible = 0;
			defaultConfigurationName = Release;
		};
/* End XCConfigurationList section */

/* Begin XCRemoteSwiftPackageReference section */
		FE538B992D8CC07300F1A473 /* XCRemoteSwiftPackageReference "SnapKit" */ = {
			isa = XCRemoteSwiftPackageReference;
			repositoryURL = "https://github.com/SnapKit/SnapKit";
			requirement = {
				kind = upToNextMajorVersion;
				minimumVersion = 5.7.1;
			};
		};
/* End XCRemoteSwiftPackageReference section */

/* Begin XCSwiftPackageProductDependency section */
		FE538B9A2D8CC07300F1A473 /* SnapKit */ = {
			isa = XCSwiftPackageProductDependency;
			package = FE538B992D8CC07300F1A473 /* XCRemoteSwiftPackageReference "SnapKit" */;
			productName = SnapKit;
		};
/* End XCSwiftPackageProductDependency section */
	};
	rootObject = FE538B592D8CBF2200F1A473 /* Project object */;
}
